<?xml version="1.0" encoding="utf-8"?>
<Project ToolsVersion="4.0" xmlns="http://schemas.microsoft.com/developer/msbuild/2003">
  <ItemGroup>
    <ClCompile Include="main.cpp" />
  </ItemGroup>
  <ItemGroup>
    <ClInclude Include="BezierCurve.h" />
    <ClInclude Include="Curve.h" />
    <ClInclude Include="Point3d.h" />
    <ClInclude Include="Util.h" />
    <ClInclude Include="BezierSurface.h" />
    <ClInclude Include="BSplineCurve.h" />
    <ClInclude Include="NurbsCurve.h" />
    <ClInclude Include="BSplineSurface.h" />
  </ItemGroup>
</Project>